# THIS IS AN AUTOGENERATED FILE. DO NOT EDIT THIS FILE DIRECTLY.
# yarn lockfile v1


"@npmcli/package-json@^2.0.0":
  version "2.0.0"
  resolved "https://registry.yarnpkg.com/@npmcli/package-json/-/package-json-2.0.0.tgz#3bbcf4677e21055adbe673d9f08c9f9cde942e4a"
  integrity sha512-42jnZ6yl16GzjWSH7vtrmWyJDGVa/LXPdpN2rcUWolFjc9ON2N3uz0qdBbQACfmhuJZ2lbKYtmK5qx68ZPLHMA==
  dependencies:
    json-parse-even-better-errors "^2.3.1"

"@types/is-ci@^3.0.0":
  version "3.0.0"
  resolved "https://registry.yarnpkg.com/@types/is-ci/-/is-ci-3.0.0.tgz#7e8910af6857601315592436f030aaa3ed9783c3"
  integrity sha512-Q0Op0hdWbYd1iahB+IFNQcWXFq4O0Q5MwQP7uN0souuQ4rPg1vEYcnIOfr1gY+M+6rc8FGoRaBO1mOOvL29sEQ==
  dependencies:
    ci-info "^3.1.0"

ci-info@^3.1.0, ci-info@^3.2.0:
  version "3.3.1"
  resolved "https://registry.yarnpkg.com/ci-info/-/ci-info-3.3.1.tgz#58331f6f472a25fe3a50a351ae3052936c2c7f32"
  integrity sha512-SXgeMX9VwDe7iFFaEWkA5AstuER9YKqy4EhHqr4DVqkwmD9rpVimkMKWHdjn30Ja45txyjhSn63lVX69eVCckg==

is-ci@^3.0.1:
  version "3.0.1"
  resolved "https://registry.yarnpkg.com/is-ci/-/is-ci-3.0.1.tgz#db6ecbed1bd659c43dac0f45661e7674103d1867"
  integrity sha512-ZYvCgrefwqoQ6yTyYUbQu64HsITZ3NfKX1lzaEYdkTDcfKzzCI/wthRRYKkdjHKFVgNiXKAKm65Zo1pk2as/QQ==
  dependencies:
    ci-info "^3.2.0"

json-parse-even-better-errors@^2.3.1:
  version "2.3.1"
  resolved "https://registry.yarnpkg.com/json-parse-even-better-errors/-/json-parse-even-better-errors-2.3.1.tgz#7c47805a94319928e05777405dc12e1f7a4ee02d"
  integrity sha512-xyFwyhro/JEof6Ghe2iz2NcXoj2sloNsWr/XsERDK/oiPCfaNhl5ONfp+jQdAZRQQ0IJWNzH9zIZF7li91kh2w==
